
Microsoft Visual Studio Solution File, Format Version 12.00
# Visual Studio Version 16
VisualStudioVersion = 16.0.33927.289
MinimumVisualStudioVersion = 10.0.40219.1
Project("{2150E333-8FDC-42A3-9474-1A3956D46DE8}") = "Task0", "Task0", "{6462479A-0AB3-4CAA-B261-8897D428180D}"
EndProject
Project("{FAE04EC0-301F-11D3-BF4B-00C04F79EFBC}") = "Tyuiu.GolubevDS.Sprint0.Task0.V0", "Tyuiu.GolubevDS.Sprint0.Task0.V0\Tyuiu.GolubevDS.Sprint0.Task0.V0.csproj", "{1B68594B-76B0-45BD-B722-B4F041DDD8C3}"
EndProject
Project("{2150E333-8FDC-42A3-9474-1A3956D46DE8}") = "Task1", "Task1", "{1542E63C-FC12-41BA-BDCD-572BC00FCCFD}"
EndProject
Project("{FAE04EC0-301F-11D3-BF4B-00C04F79EFBC}") = "Tyiui.GolubevDS.Sprint0.Task1.V0", "Tyiui.GolubevDS.Sprint0.Task1.V0\Tyiui.GolubevDS.Sprint0.Task1.V0.csproj", "{8B76DB20-89ED-4320-B32B-33E6E56FDA3A}"
EndProject
Project("{2150E333-8FDC-42A3-9474-1A3956D46DE8}") = "Task2", "Task2", "{55F444E8-8BC5-422A-9713-5DB13CE26F1A}"
EndProject
Project("{FAE04EC0-301F-11D3-BF4B-00C04F79EFBC}") = "Tyuiu.GolubevDS.Sprint0.Task2.V0", "Tyuiu.GolubevDS.Sprint0.Task2.V0\Tyuiu.GolubevDS.Sprint0.Task2.V0.csproj", "{21CC463A-2A68-476B-BD72-15CB63D4E520}"
EndProject
Project("{FAE04EC0-301F-11D3-BF4B-00C04F79EFBC}") = "Tyuiu.GolubevDS.Sprint0.Task2.V0.Lib", "Tyuiu.GolubevDS.Sprint0.Task2.V0.Lib\Tyuiu.GolubevDS.Sprint0.Task2.V0.Lib.csproj", "{EDDEB315-CAC1-43E2-A3BC-2E14789F11C5}"
EndProject
Project("{FAE04EC0-301F-11D3-BF4B-00C04F79EFBC}") = "Tyuiu.GolubevDS.Sprint0.Task2.V0.Test", "Tyuiu.GolubevDS.Sprint0.Task2.V0.Test\Tyuiu.GolubevDS.Sprint0.Task2.V0.Test.csproj", "{BE9A52C4-77FC-4C99-BCA4-7C2731FECCA7}"
EndProject
Project("{2150E333-8FDC-42A3-9474-1A3956D46DE8}") = "Task3", "Task3", "{CC97AECC-E48E-40F2-BA9B-180F158C6937}"
EndProject
Project("{FAE04EC0-301F-11D3-BF4B-00C04F79EFBC}") = "Tyuiu.GolubevDS.Sprint0.Task3.V0", "Tyiui.GolubevDS.Sprint0.Task3.V0\Tyuiu.GolubevDS.Sprint0.Task3.V0.csproj", "{92CCF76D-F8CA-477A-8CC9-2A3C8E7C2DD7}"
EndProject
Project("{FAE04EC0-301F-11D3-BF4B-00C04F79EFBC}") = "Tyuiu.GolubevDS.Sprint0.Task3.V0.Test", "Tyiui.GolubevDS.Sprint0.Task3.V0.Test\Tyuiu.GolubevDS.Sprint0.Task3.V0.Test.csproj", "{DFD85647-04AB-45EB-9F1F-40A1A32F9331}"
EndProject
Project("{FAE04EC0-301F-11D3-BF4B-00C04F79EFBC}") = "Tyuiu.GolubevDS.Sprint0.Task3.V0.Lib", "Tyiui.GolubevDS.Sprint0.Task3.V0.Lib\Tyuiu.GolubevDS.Sprint0.Task3.V0.Lib.csproj", "{7EF25042-C444-4786-8AD6-62607FA1E3E1}"
EndProject
Project("{2150E333-8FDC-42A3-9474-1A3956D46DE8}") = "Task4", "Task4", "{4B460155-441D-4009-9733-2F06BA1E71B5}"
EndProject
Project("{FAE04EC0-301F-11D3-BF4B-00C04F79EFBC}") = "Tyuiu.GolubevDS.Sprint0.Task4.V0", "Tyuiu.GolubevDS.Sprint0.Task4.V0\Tyuiu.GolubevDS.Sprint0.Task4.V0.csproj", "{DEF844B8-5027-418E-89D9-05054F19DB50}"
EndProject
Project("{FAE04EC0-301F-11D3-BF4B-00C04F79EFBC}") = "Tyuiu.GolubevDS.Sprint0.Task4.V0.Test", "Tyuiu.GolubevDS.Sprint0.Task4.V0.Test\Tyuiu.GolubevDS.Sprint0.Task4.V0.Test.csproj", "{64C186E8-1307-4B42-A79C-B337F4F404E4}"
EndProject
Project("{FAE04EC0-301F-11D3-BF4B-00C04F79EFBC}") = "Tyuiu.GolubevDS.Sprint0.Task4.V0.Lib", "Tyuiu.GolubevDS.Sprint0.Task4.V0.Lib\Tyuiu.GolubevDS.Sprint0.Task4.V0.Lib.csproj", "{62E8DB55-787B-463C-B74D-BDE259DA5334}"
EndProject
Project("{2150E333-8FDC-42A3-9474-1A3956D46DE8}") = "Task5", "Task5", "{949DC0A4-2C8B-4291-B8F6-9416384E237B}"
EndProject
Project("{FAE04EC0-301F-11D3-BF4B-00C04F79EFBC}") = "Tyuiu.GolubevDS.Sprint0.Task5.V0", "Tyuiu.GolubevDS.Sprint0.Task5.V0\Tyuiu.GolubevDS.Sprint0.Task5.V0.csproj", "{58F9791B-1058-4474-968B-103C0248DF2C}"
EndProject
Project("{FAE04EC0-301F-11D3-BF4B-00C04F79EFBC}") = "Tyuiu.GolubevDS.Sprint0.Task5.V0.Test", "Tyuiu.GolubevDS.Sprint0.Task5.V0.Test\Tyuiu.GolubevDS.Sprint0.Task5.V0.Test.csproj", "{E717B25D-87CB-4CE9-86F5-750E2B3146A4}"
EndProject
Project("{FAE04EC0-301F-11D3-BF4B-00C04F79EFBC}") = "Tyuiu.GolubevDS.Sprint0.Task5.V0.Lib", "Tyuiu.GolubevDS.Sprint0.Task5.V0.Lib\Tyuiu.GolubevDS.Sprint0.Task5.V0.Lib.csproj", "{40C86B42-ABD2-4692-89DC-962639AD0057}"
EndProject
Project("{2150E333-8FDC-42A3-9474-1A3956D46DE8}") = "Task6", "Task6", "{760FBA88-E25C-48D0-A186-CBC24A40DFAE}"
EndProject
Project("{FAE04EC0-301F-11D3-BF4B-00C04F79EFBC}") = "Tyuiu.GolubevDS.Sprint0.Task6.V0", "Tyuiu.GolubevDS.Sprint0.Task6.V0\Tyuiu.GolubevDS.Sprint0.Task6.V0.csproj", "{3E3036E9-9C19-40C7-8ABC-A2FC01C3A816}"
EndProject
Project("{FAE04EC0-301F-11D3-BF4B-00C04F79EFBC}") = "Tyuiu.GolubevDS.Sprint0.Task6.V0.Test", "Tyuiu.GolubevDS.Sprint0.Task6.V0.Test\Tyuiu.GolubevDS.Sprint0.Task6.V0.Test.csproj", "{EC81E5AB-7940-4BD7-BD0A-FF1F8B669B10}"
EndProject
Project("{FAE04EC0-301F-11D3-BF4B-00C04F79EFBC}") = "Tyuiu.GolubevDS.Sprint0.Task6.V0.Lib", "Tyuiu.GolubevDS.Sprint0.Task6.V0.Lib\Tyuiu.GolubevDS.Sprint0.Task6.V0.Lib.csproj", "{A5E395CE-C261-4628-9D8B-C1A6BE093884}"
EndProject
Project("{2150E333-8FDC-42A3-9474-1A3956D46DE8}") = "Task7", "Task7", "{F2BABB33-0487-4EB9-9188-92F4FC3DDEA9}"
EndProject
Project("{FAE04EC0-301F-11D3-BF4B-00C04F79EFBC}") = "Tyuiu.GolubevDS.Sprint0.Task7.V0", "Tyuiu.GolubevDS.Sprint0.Task7.V0\Tyuiu.GolubevDS.Sprint0.Task7.V0.csproj", "{D475AF07-A123-4294-833D-E80B6F5FC11B}"
EndProject
Project("{FAE04EC0-301F-11D3-BF4B-00C04F79EFBC}") = "Tyuiu.GolubevDS.Sprint0.Task7.V0.Test", "Tyuiu.GolubevDS.Sprint0.Task7.V0.Test\Tyuiu.GolubevDS.Sprint0.Task7.V0.Test.csproj", "{C3D927B2-E79F-4CE5-8192-2635660B0EE8}"
EndProject
Project("{FAE04EC0-301F-11D3-BF4B-00C04F79EFBC}") = "Tyuiu.GolubevDS.Sprint0.Task7.V0.Lib", "Tyuiu.GolubevDS.Sprint0.Task7.V0.Lib\Tyuiu.GolubevDS.Sprint0.Task7.V0.Lib.csproj", "{5613FC85-3C84-4C31-BD73-3D675D0EFF85}"
EndProject
Global
	GlobalSection(SolutionConfigurationPlatforms) = preSolution
		Debug|Any CPU = Debug|Any CPU
		Release|Any CPU = Release|Any CPU
	EndGlobalSection
	GlobalSection(ProjectConfigurationPlatforms) = postSolution
		{1B68594B-76B0-45BD-B722-B4F041DDD8C3}.Debug|Any CPU.ActiveCfg = Debug|Any CPU
		{1B68594B-76B0-45BD-B722-B4F041DDD8C3}.Debug|Any CPU.Build.0 = Debug|Any CPU
		{1B68594B-76B0-45BD-B722-B4F041DDD8C3}.Release|Any CPU.ActiveCfg = Release|Any CPU
		{1B68594B-76B0-45BD-B722-B4F041DDD8C3}.Release|Any CPU.Build.0 = Release|Any CPU
		{8B76DB20-89ED-4320-B32B-33E6E56FDA3A}.Debug|Any CPU.ActiveCfg = Debug|Any CPU
		{8B76DB20-89ED-4320-B32B-33E6E56FDA3A}.Debug|Any CPU.Build.0 = Debug|Any CPU
		{8B76DB20-89ED-4320-B32B-33E6E56FDA3A}.Release|Any CPU.ActiveCfg = Release|Any CPU
		{8B76DB20-89ED-4320-B32B-33E6E56FDA3A}.Release|Any CPU.Build.0 = Release|Any CPU
		{21CC463A-2A68-476B-BD72-15CB63D4E520}.Debug|Any CPU.ActiveCfg = Debug|Any CPU
		{21CC463A-2A68-476B-BD72-15CB63D4E520}.Debug|Any CPU.Build.0 = Debug|Any CPU
		{21CC463A-2A68-476B-BD72-15CB63D4E520}.Release|Any CPU.ActiveCfg = Release|Any CPU
		{21CC463A-2A68-476B-BD72-15CB63D4E520}.Release|Any CPU.Build.0 = Release|Any CPU
		{EDDEB315-CAC1-43E2-A3BC-2E14789F11C5}.Debug|Any CPU.ActiveCfg = Debug|Any CPU
		{EDDEB315-CAC1-43E2-A3BC-2E14789F11C5}.Debug|Any CPU.Build.0 = Debug|Any CPU
		{EDDEB315-CAC1-43E2-A3BC-2E14789F11C5}.Release|Any CPU.ActiveCfg = Release|Any CPU
		{EDDEB315-CAC1-43E2-A3BC-2E14789F11C5}.Release|Any CPU.Build.0 = Release|Any CPU
		{BE9A52C4-77FC-4C99-BCA4-7C2731FECCA7}.Debug|Any CPU.ActiveCfg = Debug|Any CPU
		{BE9A52C4-77FC-4C99-BCA4-7C2731FECCA7}.Debug|Any CPU.Build.0 = Debug|Any CPU
		{BE9A52C4-77FC-4C99-BCA4-7C2731FECCA7}.Release|Any CPU.ActiveCfg = Release|Any CPU
		{BE9A52C4-77FC-4C99-BCA4-7C2731FECCA7}.Release|Any CPU.Build.0 = Release|Any CPU
		{92CCF76D-F8CA-477A-8CC9-2A3C8E7C2DD7}.Debug|Any CPU.ActiveCfg = Debug|Any CPU
		{92CCF76D-F8CA-477A-8CC9-2A3C8E7C2DD7}.Debug|Any CPU.Build.0 = Debug|Any CPU
		{92CCF76D-F8CA-477A-8CC9-2A3C8E7C2DD7}.Release|Any CPU.ActiveCfg = Release|Any CPU
		{92CCF76D-F8CA-477A-8CC9-2A3C8E7C2DD7}.Release|Any CPU.Build.0 = Release|Any CPU
		{DFD85647-04AB-45EB-9F1F-40A1A32F9331}.Debug|Any CPU.ActiveCfg = Debug|Any CPU
		{DFD85647-04AB-45EB-9F1F-40A1A32F9331}.Debug|Any CPU.Build.0 = Debug|Any CPU
		{DFD85647-04AB-45EB-9F1F-40A1A32F9331}.Release|Any CPU.ActiveCfg = Release|Any CPU
		{DFD85647-04AB-45EB-9F1F-40A1A32F9331}.Release|Any CPU.Build.0 = Release|Any CPU
		{7EF25042-C444-4786-8AD6-62607FA1E3E1}.Debug|Any CPU.ActiveCfg = Debug|Any CPU
		{7EF25042-C444-4786-8AD6-62607FA1E3E1}.Debug|Any CPU.Build.0 = Debug|Any CPU
		{7EF25042-C444-4786-8AD6-62607FA1E3E1}.Release|Any CPU.ActiveCfg = Release|Any CPU
		{7EF25042-C444-4786-8AD6-62607FA1E3E1}.Release|Any CPU.Build.0 = Release|Any CPU
		{DEF844B8-5027-418E-89D9-05054F19DB50}.Debug|Any CPU.ActiveCfg = Debug|Any CPU
		{DEF844B8-5027-418E-89D9-05054F19DB50}.Debug|Any CPU.Build.0 = Debug|Any CPU
		{DEF844B8-5027-418E-89D9-05054F19DB50}.Release|Any CPU.ActiveCfg = Release|Any CPU
		{DEF844B8-5027-418E-89D9-05054F19DB50}.Release|Any CPU.Build.0 = Release|Any CPU
		{64C186E8-1307-4B42-A79C-B337F4F404E4}.Debug|Any CPU.ActiveCfg = Debug|Any CPU
		{64C186E8-1307-4B42-A79C-B337F4F404E4}.Debug|Any CPU.Build.0 = Debug|Any CPU
		{64C186E8-1307-4B42-A79C-B337F4F404E4}.Release|Any CPU.ActiveCfg = Release|Any CPU
		{64C186E8-1307-4B42-A79C-B337F4F404E4}.Release|Any CPU.Build.0 = Release|Any CPU
		{62E8DB55-787B-463C-B74D-BDE259DA5334}.Debug|Any CPU.ActiveCfg = Debug|Any CPU
		{62E8DB55-787B-463C-B74D-BDE259DA5334}.Debug|Any CPU.Build.0 = Debug|Any CPU
		{62E8DB55-787B-463C-B74D-BDE259DA5334}.Release|Any CPU.ActiveCfg = Release|Any CPU
		{62E8DB55-787B-463C-B74D-BDE259DA5334}.Release|Any CPU.Build.0 = Release|Any CPU
		{58F9791B-1058-4474-968B-103C0248DF2C}.Debug|Any CPU.ActiveCfg = Debug|Any CPU
		{58F9791B-1058-4474-968B-103C0248DF2C}.Debug|Any CPU.Build.0 = Debug|Any CPU
		{58F9791B-1058-4474-968B-103C0248DF2C}.Release|Any CPU.ActiveCfg = Release|Any CPU
		{58F9791B-1058-4474-968B-103C0248DF2C}.Release|Any CPU.Build.0 = Release|Any CPU
		{E717B25D-87CB-4CE9-86F5-750E2B3146A4}.Debug|Any CPU.ActiveCfg = Debug|Any CPU
		{E717B25D-87CB-4CE9-86F5-750E2B3146A4}.Debug|Any CPU.Build.0 = Debug|Any CPU
		{E717B25D-87CB-4CE9-86F5-750E2B3146A4}.Release|Any CPU.ActiveCfg = Release|Any CPU
		{E717B25D-87CB-4CE9-86F5-750E2B3146A4}.Release|Any CPU.Build.0 = Release|Any CPU
		{40C86B42-ABD2-4692-89DC-962639AD0057}.Debug|Any CPU.ActiveCfg = Debug|Any CPU
		{40C86B42-ABD2-4692-89DC-962639AD0057}.Debug|Any CPU.Build.0 = Debug|Any CPU
		{40C86B42-ABD2-4692-89DC-962639AD0057}.Release|Any CPU.ActiveCfg = Release|Any CPU
		{40C86B42-ABD2-4692-89DC-962639AD0057}.Release|Any CPU.Build.0 = Release|Any CPU
		{3E3036E9-9C19-40C7-8ABC-A2FC01C3A816}.Debug|Any CPU.ActiveCfg = Debug|Any CPU
		{3E3036E9-9C19-40C7-8ABC-A2FC01C3A816}.Debug|Any CPU.Build.0 = Debug|Any CPU
		{3E3036E9-9C19-40C7-8ABC-A2FC01C3A816}.Release|Any CPU.ActiveCfg = Release|Any CPU
		{3E3036E9-9C19-40C7-8ABC-A2FC01C3A816}.Release|Any CPU.Build.0 = Release|Any CPU
		{EC81E5AB-7940-4BD7-BD0A-FF1F8B669B10}.Debug|Any CPU.ActiveCfg = Debug|Any CPU
		{EC81E5AB-7940-4BD7-BD0A-FF1F8B669B10}.Debug|Any CPU.Build.0 = Debug|Any CPU
		{EC81E5AB-7940-4BD7-BD0A-FF1F8B669B10}.Release|Any CPU.ActiveCfg = Release|Any CPU
		{EC81E5AB-7940-4BD7-BD0A-FF1F8B669B10}.Release|Any CPU.Build.0 = Release|Any CPU
		{A5E395CE-C261-4628-9D8B-C1A6BE093884}.Debug|Any CPU.ActiveCfg = Debug|Any CPU
		{A5E395CE-C261-4628-9D8B-C1A6BE093884}.Debug|Any CPU.Build.0 = Debug|Any CPU
		{A5E395CE-C261-4628-9D8B-C1A6BE093884}.Release|Any CPU.ActiveCfg = Release|Any CPU
		{A5E395CE-C261-4628-9D8B-C1A6BE093884}.Release|Any CPU.Build.0 = Release|Any CPU
		{D475AF07-A123-4294-833D-E80B6F5FC11B}.Debug|Any CPU.ActiveCfg = Debug|Any CPU
		{D475AF07-A123-4294-833D-E80B6F5FC11B}.Debug|Any CPU.Build.0 = Debug|Any CPU
		{D475AF07-A123-4294-833D-E80B6F5FC11B}.Release|Any CPU.ActiveCfg = Release|Any CPU
		{D475AF07-A123-4294-833D-E80B6F5FC11B}.Release|Any CPU.Build.0 = Release|Any CPU
		{C3D927B2-E79F-4CE5-8192-2635660B0EE8}.Debug|Any CPU.ActiveCfg = Debug|Any CPU
		{C3D927B2-E79F-4CE5-8192-2635660B0EE8}.Debug|Any CPU.Build.0 = Debug|Any CPU
		{C3D927B2-E79F-4CE5-8192-2635660B0EE8}.Release|Any CPU.ActiveCfg = Release|Any CPU
		{C3D927B2-E79F-4CE5-8192-2635660B0EE8}.Release|Any CPU.Build.0 = Release|Any CPU
		{5613FC85-3C84-4C31-BD73-3D675D0EFF85}.Debug|Any CPU.ActiveCfg = Debug|Any CPU
		{5613FC85-3C84-4C31-BD73-3D675D0EFF85}.Debug|Any CPU.Build.0 = Debug|Any CPU
		{5613FC85-3C84-4C31-BD73-3D675D0EFF85}.Release|Any CPU.ActiveCfg = Release|Any CPU
		{5613FC85-3C84-4C31-BD73-3D675D0EFF85}.Release|Any CPU.Build.0 = Release|Any CPU
	EndGlobalSection
	GlobalSection(SolutionProperties) = preSolution
		HideSolutionNode = FALSE
	EndGlobalSection
	GlobalSection(NestedProjects) = preSolution
		{1B68594B-76B0-45BD-B722-B4F041DDD8C3} = {6462479A-0AB3-4CAA-B261-8897D428180D}
		{8B76DB20-89ED-4320-B32B-33E6E56FDA3A} = {1542E63C-FC12-41BA-BDCD-572BC00FCCFD}
		{21CC463A-2A68-476B-BD72-15CB63D4E520} = {55F444E8-8BC5-422A-9713-5DB13CE26F1A}
		{EDDEB315-CAC1-43E2-A3BC-2E14789F11C5} = {55F444E8-8BC5-422A-9713-5DB13CE26F1A}
		{BE9A52C4-77FC-4C99-BCA4-7C2731FECCA7} = {55F444E8-8BC5-422A-9713-5DB13CE26F1A}
		{92CCF76D-F8CA-477A-8CC9-2A3C8E7C2DD7} = {CC97AECC-E48E-40F2-BA9B-180F158C6937}
		{DFD85647-04AB-45EB-9F1F-40A1A32F9331} = {CC97AECC-E48E-40F2-BA9B-180F158C6937}
		{7EF25042-C444-4786-8AD6-62607FA1E3E1} = {CC97AECC-E48E-40F2-BA9B-180F158C6937}
		{DEF844B8-5027-418E-89D9-05054F19DB50} = {4B460155-441D-4009-9733-2F06BA1E71B5}
		{64C186E8-1307-4B42-A79C-B337F4F404E4} = {4B460155-441D-4009-9733-2F06BA1E71B5}
		{62E8DB55-787B-463C-B74D-BDE259DA5334} = {4B460155-441D-4009-9733-2F06BA1E71B5}
		{58F9791B-1058-4474-968B-103C0248DF2C} = {949DC0A4-2C8B-4291-B8F6-9416384E237B}
		{E717B25D-87CB-4CE9-86F5-750E2B3146A4} = {949DC0A4-2C8B-4291-B8F6-9416384E237B}
		{40C86B42-ABD2-4692-89DC-962639AD0057} = {949DC0A4-2C8B-4291-B8F6-9416384E237B}
		{3E3036E9-9C19-40C7-8ABC-A2FC01C3A816} = {760FBA88-E25C-48D0-A186-CBC24A40DFAE}
		{EC81E5AB-7940-4BD7-BD0A-FF1F8B669B10} = {760FBA88-E25C-48D0-A186-CBC24A40DFAE}
		{A5E395CE-C261-4628-9D8B-C1A6BE093884} = {760FBA88-E25C-48D0-A186-CBC24A40DFAE}
		{D475AF07-A123-4294-833D-E80B6F5FC11B} = {F2BABB33-0487-4EB9-9188-92F4FC3DDEA9}
		{C3D927B2-E79F-4CE5-8192-2635660B0EE8} = {F2BABB33-0487-4EB9-9188-92F4FC3DDEA9}
		{5613FC85-3C84-4C31-BD73-3D675D0EFF85} = {F2BABB33-0487-4EB9-9188-92F4FC3DDEA9}
	EndGlobalSection
	GlobalSection(ExtensibilityGlobals) = postSolution
		SolutionGuid = {69431C53-A7A6-4E5C-A09C-9527741890F1}
	EndGlobalSection
EndGlobal
